// !$*UTF8*$!
{
	archiveVersion = 1;
	classes = {
	};
	objectVersion = 46;
	objects = {

/* Begin PBXBuildFile section */
		73064B021C11E59400CDD480 /* Package.swift in Sources */ = {isa = PBXBuildFile; fileRef = 73064B011C11E59400CDD480 /* Package.swift */; };
		73064B071C12100F00CDD480 /* DataManager.swift in Sources */ = {isa = PBXBuildFile; fileRef = 73064B061C12100F00CDD480 /* DataManager.swift */; };
		73064B0C1C12111500CDD480 /* USPSRetriever.swift in Sources */ = {isa = PBXBuildFile; fileRef = 73064B0B1C12111500CDD480 /* USPSRetriever.swift */; };
		73064B0F1C12114100CDD480 /* LocalRetriever.swift in Sources */ = {isa = PBXBuildFile; fileRef = 73064B0E1C12114000CDD480 /* LocalRetriever.swift */; };
		73064B111C1234AF00CDD480 /* Retriever.swift in Sources */ = {isa = PBXBuildFile; fileRef = 73064B101C1234AF00CDD480 /* Retriever.swift */; };
		73064B141C1234EC00CDD480 /* Parser.swift in Sources */ = {isa = PBXBuildFile; fileRef = 73064B131C1234EC00CDD480 /* Parser.swift */; };
		73064B161C12423800CDD480 /* USPSParser.swift in Sources */ = {isa = PBXBuildFile; fileRef = 73064B151C12423800CDD480 /* USPSParser.swift */; };
		73064B181C12426400CDD480 /* LocalParser.swift in Sources */ = {isa = PBXBuildFile; fileRef = 73064B171C12426400CDD480 /* LocalParser.swift */; };
		73064B1A1C12463C00CDD480 /* ParserFactory.swift in Sources */ = {isa = PBXBuildFile; fileRef = 73064B191C12463C00CDD480 /* ParserFactory.swift */; };
		73064B1C1C12464E00CDD480 /* RetrieverFactory.swift in Sources */ = {isa = PBXBuildFile; fileRef = 73064B1B1C12464E00CDD480 /* RetrieverFactory.swift */; };
		73064B1E1C12732800CDD480 /* ServiceType.swift in Sources */ = {isa = PBXBuildFile; fileRef = 73064B1D1C12732800CDD480 /* ServiceType.swift */; };
		73064B211C1274BE00CDD480 /* Validator.swift in Sources */ = {isa = PBXBuildFile; fileRef = 73064B201C1274BE00CDD480 /* Validator.swift */; };
		73064B231C1274CC00CDD480 /* USPSValidator.swift in Sources */ = {isa = PBXBuildFile; fileRef = 73064B221C1274CC00CDD480 /* USPSValidator.swift */; };
		73064B251C12A2E300CDD480 /* TrakieErrors.swift in Sources */ = {isa = PBXBuildFile; fileRef = 73064B241C12A2E300CDD480 /* TrakieErrors.swift */; };
		738691CC1C0F864800F3A3A1 /* AppDelegate.swift in Sources */ = {isa = PBXBuildFile; fileRef = 738691CB1C0F864800F3A3A1 /* AppDelegate.swift */; };
		738691CE1C0F864800F3A3A1 /* ViewController.swift in Sources */ = {isa = PBXBuildFile; fileRef = 738691CD1C0F864800F3A3A1 /* ViewController.swift */; };
		738691D11C0F864800F3A3A1 /* Main.storyboard in Resources */ = {isa = PBXBuildFile; fileRef = 738691CF1C0F864800F3A3A1 /* Main.storyboard */; };
		738691D31C0F864800F3A3A1 /* Assets.xcassets in Resources */ = {isa = PBXBuildFile; fileRef = 738691D21C0F864800F3A3A1 /* Assets.xcassets */; };
		738691D61C0F864800F3A3A1 /* LaunchScreen.storyboard in Resources */ = {isa = PBXBuildFile; fileRef = 738691D41C0F864800F3A3A1 /* LaunchScreen.storyboard */; };
		738691E31C0FA1C200F3A3A1 /* .gitignore in Resources */ = {isa = PBXBuildFile; fileRef = 738691E21C0FA1C200F3A3A1 /* .gitignore */; };
		73ACF9A31C11541600C6787A /* InfoDetVC.swift in Sources */ = {isa = PBXBuildFile; fileRef = 73ACF9A21C11541600C6787A /* InfoDetVC.swift */; };
		73B0A0C11C1094D500C1AA45 /* AddPackageVC.swift in Sources */ = {isa = PBXBuildFile; fileRef = 73B0A0C01C1094D500C1AA45 /* AddPackageVC.swift */; };
		73B0A0C31C10953800C1AA45 /* PackageTableVC.swift in Sources */ = {isa = PBXBuildFile; fileRef = 73B0A0C21C10953800C1AA45 /* PackageTableVC.swift */; };
		73F216BA1C1099B000C0911D /* InfoSumVC.swift in Sources */ = {isa = PBXBuildFile; fileRef = 73F216B91C1099B000C0911D /* InfoSumVC.swift */; };
/* End PBXBuildFile section */

/* Begin PBXFileReference section */
		73064B011C11E59400CDD480 /* Package.swift */ = {isa = PBXFileReference; fileEncoding = 4; lastKnownFileType = sourcecode.swift; path = Package.swift; sourceTree = "<group>"; };
		73064B061C12100F00CDD480 /* DataManager.swift */ = {isa = PBXFileReference; fileEncoding = 4; lastKnownFileType = sourcecode.swift; path = DataManager.swift; sourceTree = "<group>"; };
		73064B0B1C12111500CDD480 /* USPSRetriever.swift */ = {isa = PBXFileReference; fileEncoding = 4; lastKnownFileType = sourcecode.swift; path = USPSRetriever.swift; sourceTree = "<group>"; };
		73064B0E1C12114000CDD480 /* LocalRetriever.swift */ = {isa = PBXFileReference; fileEncoding = 4; lastKnownFileType = sourcecode.swift; path = LocalRetriever.swift; sourceTree = "<group>"; };
		73064B101C1234AF00CDD480 /* Retriever.swift */ = {isa = PBXFileReference; fileEncoding = 4; lastKnownFileType = sourcecode.swift; path = Retriever.swift; sourceTree = "<group>"; };
		73064B131C1234EC00CDD480 /* Parser.swift */ = {isa = PBXFileReference; fileEncoding = 4; lastKnownFileType = sourcecode.swift; path = Parser.swift; sourceTree = "<group>"; };
		73064B151C12423800CDD480 /* USPSParser.swift */ = {isa = PBXFileReference; fileEncoding = 4; lastKnownFileType = sourcecode.swift; path = USPSParser.swift; sourceTree = "<group>"; };
		73064B171C12426400CDD480 /* LocalParser.swift */ = {isa = PBXFileReference; fileEncoding = 4; lastKnownFileType = sourcecode.swift; path = LocalParser.swift; sourceTree = "<group>"; };
		73064B191C12463C00CDD480 /* ParserFactory.swift */ = {isa = PBXFileReference; fileEncoding = 4; lastKnownFileType = sourcecode.swift; path = ParserFactory.swift; sourceTree = "<group>"; };
		73064B1B1C12464E00CDD480 /* RetrieverFactory.swift */ = {isa = PBXFileReference; fileEncoding = 4; lastKnownFileType = sourcecode.swift; path = RetrieverFactory.swift; sourceTree = "<group>"; };
		73064B1D1C12732800CDD480 /* ServiceType.swift */ = {isa = PBXFileReference; fileEncoding = 4; lastKnownFileType = sourcecode.swift; path = ServiceType.swift; sourceTree = "<group>"; };
		73064B201C1274BE00CDD480 /* Validator.swift */ = {isa = PBXFileReference; fileEncoding = 4; lastKnownFileType = sourcecode.swift; path = Validator.swift; sourceTree = "<group>"; };
		73064B221C1274CC00CDD480 /* USPSValidator.swift */ = {isa = PBXFileReference; fileEncoding = 4; lastKnownFileType = sourcecode.swift; path = USPSValidator.swift; sourceTree = "<group>"; };
		73064B241C12A2E300CDD480 /* TrakieErrors.swift */ = {isa = PBXFileReference; fileEncoding = 4; lastKnownFileType = sourcecode.swift; path = TrakieErrors.swift; sourceTree = "<group>"; };
		738691C81C0F864800F3A3A1 /* Trakie.app */ = {isa = PBXFileReference; explicitFileType = wrapper.application; includeInIndex = 0; path = Trakie.app; sourceTree = BUILT_PRODUCTS_DIR; };
		738691CB1C0F864800F3A3A1 /* AppDelegate.swift */ = {isa = PBXFileReference; lastKnownFileType = sourcecode.swift; path = AppDelegate.swift; sourceTree = "<group>"; };
		738691CD1C0F864800F3A3A1 /* ViewController.swift */ = {isa = PBXFileReference; lastKnownFileType = sourcecode.swift; path = ViewController.swift; sourceTree = "<group>"; };
		738691D01C0F864800F3A3A1 /* Base */ = {isa = PBXFileReference; lastKnownFileType = file.storyboard; name = Base; path = Base.lproj/Main.storyboard; sourceTree = "<group>"; };
		738691D21C0F864800F3A3A1 /* Assets.xcassets */ = {isa = PBXFileReference; lastKnownFileType = folder.assetcatalog; path = Assets.xcassets; sourceTree = "<group>"; };
		738691D51C0F864800F3A3A1 /* Base */ = {isa = PBXFileReference; lastKnownFileType = file.storyboard; name = Base; path = Base.lproj/LaunchScreen.storyboard; sourceTree = "<group>"; };
		738691D71C0F864800F3A3A1 /* Info.plist */ = {isa = PBXFileReference; lastKnownFileType = text.plist.xml; path = Info.plist; sourceTree = "<group>"; };
		738691E21C0FA1C200F3A3A1 /* .gitignore */ = {isa = PBXFileReference; fileEncoding = 4; lastKnownFileType = text; path = .gitignore; sourceTree = "<group>"; };
		73ACF9A21C11541600C6787A /* InfoDetVC.swift */ = {isa = PBXFileReference; fileEncoding = 4; lastKnownFileType = sourcecode.swift; path = InfoDetVC.swift; sourceTree = "<group>"; };
		73B0A0C01C1094D500C1AA45 /* AddPackageVC.swift */ = {isa = PBXFileReference; fileEncoding = 4; lastKnownFileType = sourcecode.swift; path = AddPackageVC.swift; sourceTree = "<group>"; };
		73B0A0C21C10953800C1AA45 /* PackageTableVC.swift */ = {isa = PBXFileReference; fileEncoding = 4; lastKnownFileType = sourcecode.swift; path = PackageTableVC.swift; sourceTree = "<group>"; };
		73F216B91C1099B000C0911D /* InfoSumVC.swift */ = {isa = PBXFileReference; fileEncoding = 4; lastKnownFileType = sourcecode.swift; path = InfoSumVC.swift; sourceTree = "<group>"; };
/* End PBXFileReference section */

/* Begin PBXFrameworksBuildPhase section */
		738691C51C0F864800F3A3A1 /* Frameworks */ = {
			isa = PBXFrameworksBuildPhase;
			buildActionMask = 2147483647;
			files = (
			);
			runOnlyForDeploymentPostprocessing = 0;
		};
/* End PBXFrameworksBuildPhase section */

/* Begin PBXGroup section */
		73064B051C11ECDC00CDD480 /* Retrievers */ = {
			isa = PBXGroup;
			children = (
				73064B0D1C12113600CDD480 /* Local */,
				73064B0A1C12110800CDD480 /* Remote */,
				73064B101C1234AF00CDD480 /* Retriever.swift */,
				73064B1B1C12464E00CDD480 /* RetrieverFactory.swift */,
			);
			name = Retrievers;
			sourceTree = "<group>";
		};
		73064B0A1C12110800CDD480 /* Remote */ = {
			isa = PBXGroup;
			children = (
				73064B0B1C12111500CDD480 /* USPSRetriever.swift */,
			);
			name = Remote;
			sourceTree = "<group>";
		};
		73064B0D1C12113600CDD480 /* Local */ = {
			isa = PBXGroup;
			children = (
				73064B0E1C12114000CDD480 /* LocalRetriever.swift */,
			);
			name = Local;
			sourceTree = "<group>";
		};
		73064B121C1234DE00CDD480 /* Parsers */ = {
			isa = PBXGroup;
			children = (
				73064B131C1234EC00CDD480 /* Parser.swift */,
				73064B151C12423800CDD480 /* USPSParser.swift */,
				73064B171C12426400CDD480 /* LocalParser.swift */,
				73064B191C12463C00CDD480 /* ParserFactory.swift */,
			);
			name = Parsers;
			sourceTree = "<group>";
		};
		73064B1F1C1274B000CDD480 /* Validators */ = {
			isa = PBXGroup;
			children = (
				73064B201C1274BE00CDD480 /* Validator.swift */,
				73064B221C1274CC00CDD480 /* USPSValidator.swift */,
			);
			name = Validators;
			sourceTree = "<group>";
		};
		738691BF1C0F864800F3A3A1 = {
			isa = PBXGroup;
			children = (
				738691E21C0FA1C200F3A3A1 /* .gitignore */,
				738691CA1C0F864800F3A3A1 /* Trakie */,
				738691C91C0F864800F3A3A1 /* Products */,
			);
			sourceTree = "<group>";
		};
		738691C91C0F864800F3A3A1 /* Products */ = {
			isa = PBXGroup;
			children = (
				738691C81C0F864800F3A3A1 /* Trakie.app */,
			);
			name = Products;
			sourceTree = "<group>";
		};
		738691CA1C0F864800F3A3A1 /* Trakie */ = {
			isa = PBXGroup;
			children = (
				73064B1F1C1274B000CDD480 /* Validators */,
				73064B121C1234DE00CDD480 /* Parsers */,
				738691DF1C0F86CE00F3A3A1 /* Assets */,
				738691DE1C0F86C400F3A3A1 /* Model */,
				738691DD1C0F86B700F3A3A1 /* ViewControllers */,
				738691CB1C0F864800F3A3A1 /* AppDelegate.swift */,
				738691CD1C0F864800F3A3A1 /* ViewController.swift */,
				73064B061C12100F00CDD480 /* DataManager.swift */,
				73064B051C11ECDC00CDD480 /* Retrievers */,
				738691CF1C0F864800F3A3A1 /* Main.storyboard */,
				738691D21C0F864800F3A3A1 /* Assets.xcassets */,
				738691D41C0F864800F3A3A1 /* LaunchScreen.storyboard */,
				738691D71C0F864800F3A3A1 /* Info.plist */,
			);
			path = Trakie;
			sourceTree = "<group>";
		};
		738691DD1C0F86B700F3A3A1 /* ViewControllers */ = {
			isa = PBXGroup;
			children = (
				73B0A0C01C1094D500C1AA45 /* AddPackageVC.swift */,
				73B0A0C21C10953800C1AA45 /* PackageTableVC.swift */,
				73F216B91C1099B000C0911D /* InfoSumVC.swift */,
				73ACF9A21C11541600C6787A /* InfoDetVC.swift */,
			);
			name = ViewControllers;
			sourceTree = "<group>";
		};
		738691DE1C0F86C400F3A3A1 /* Model */ = {
			isa = PBXGroup;
			children = (
				73064B011C11E59400CDD480 /* Package.swift */,
				73064B1D1C12732800CDD480 /* ServiceType.swift */,
				73064B241C12A2E300CDD480 /* TrakieErrors.swift */,
			);
			name = Model;
			sourceTree = "<group>";
		};
		738691DF1C0F86CE00F3A3A1 /* Assets */ = {
			isa = PBXGroup;
			children = (
			);
			name = Assets;
			sourceTree = "<group>";
		};
/* End PBXGroup section */

/* Begin PBXNativeTarget section */
		738691C71C0F864800F3A3A1 /* Trakie */ = {
			isa = PBXNativeTarget;
			buildConfigurationList = 738691DA1C0F864800F3A3A1 /* Build configuration list for PBXNativeTarget "Trakie" */;
			buildPhases = (
				738691C41C0F864800F3A3A1 /* Sources */,
				738691C51C0F864800F3A3A1 /* Frameworks */,
				738691C61C0F864800F3A3A1 /* Resources */,
			);
			buildRules = (
			);
			dependencies = (
			);
			name = Trakie;
			productName = Trakie;
			productReference = 738691C81C0F864800F3A3A1 /* Trakie.app */;
			productType = "com.apple.product-type.application";
		};
/* End PBXNativeTarget section */

/* Begin PBXProject section */
		738691C01C0F864800F3A3A1 /* Project object */ = {
			isa = PBXProject;
			attributes = {
				LastSwiftUpdateCheck = 0710;
				LastUpgradeCheck = 0710;
				ORGANIZATIONNAME = "Khoa Nguyen";
				TargetAttributes = {
					738691C71C0F864800F3A3A1 = {
						CreatedOnToolsVersion = 7.1.1;
					};
				};
			};
			buildConfigurationList = 738691C31C0F864800F3A3A1 /* Build configuration list for PBXProject "Trakie" */;
			compatibilityVersion = "Xcode 3.2";
			developmentRegion = English;
			hasScannedForEncodings = 0;
			knownRegions = (
				en,
				Base,
			);
			mainGroup = 738691BF1C0F864800F3A3A1;
			productRefGroup = 738691C91C0F864800F3A3A1 /* Products */;
			projectDirPath = "";
			projectRoot = "";
			targets = (
				738691C71C0F864800F3A3A1 /* Trakie */,
			);
		};
/* End PBXProject section */

/* Begin PBXResourcesBuildPhase section */
		738691C61C0F864800F3A3A1 /* Resources */ = {
			isa = PBXResourcesBuildPhase;
			buildActionMask = 2147483647;
			files = (
				738691E31C0FA1C200F3A3A1 /* .gitignore in Resources */,
				738691D61C0F864800F3A3A1 /* LaunchScreen.storyboard in Resources */,
				738691D31C0F864800F3A3A1 /* Assets.xcassets in Resources */,
				738691D11C0F864800F3A3A1 /* Main.storyboard in Resources */,
			);
			runOnlyForDeploymentPostprocessing = 0;
		};
/* End PBXResourcesBuildPhase section */

/* Begin PBXSourcesBuildPhase section */
		738691C41C0F864800F3A3A1 /* Sources */ = {
			isa = PBXSourcesBuildPhase;
			buildActionMask = 2147483647;
			files = (
				73064B161C12423800CDD480 /* USPSParser.swift in Sources */,
				73064B1E1C12732800CDD480 /* ServiceType.swift in Sources */,
				73064B251C12A2E300CDD480 /* TrakieErrors.swift in Sources */,
				73064B1C1C12464E00CDD480 /* RetrieverFactory.swift in Sources */,
				73064B0F1C12114100CDD480 /* LocalRetriever.swift in Sources */,
				73ACF9A31C11541600C6787A /* InfoDetVC.swift in Sources */,
				73064B231C1274CC00CDD480 /* USPSValidator.swift in Sources */,
				73064B071C12100F00CDD480 /* DataManager.swift in Sources */,
				73B0A0C31C10953800C1AA45 /* PackageTableVC.swift in Sources */,
				738691CE1C0F864800F3A3A1 /* ViewController.swift in Sources */,
				73064B0C1C12111500CDD480 /* USPSRetriever.swift in Sources */,
				73064B021C11E59400CDD480 /* Package.swift in Sources */,
				73064B211C1274BE00CDD480 /* Validator.swift in Sources */,
				738691CC1C0F864800F3A3A1 /* AppDelegate.swift in Sources */,
				73064B141C1234EC00CDD480 /* Parser.swift in Sources */,
				73064B181C12426400CDD480 /* LocalParser.swift in Sources */,
				73064B1A1C12463C00CDD480 /* ParserFactory.swift in Sources */,
				73064B111C1234AF00CDD480 /* Retriever.swift in Sources */,
				73F216BA1C1099B000C0911D /* InfoSumVC.swift in Sources */,
				73B0A0C11C1094D500C1AA45 /* AddPackageVC.swift in Sources */,
			);
			runOnlyForDeploymentPostprocessing = 0;
		};
/* End PBXSourcesBuildPhase section */

/* Begin PBXVariantGroup section */
		738691CF1C0F864800F3A3A1 /* Main.storyboard */ = {
			isa = PBXVariantGroup;
			children = (
				738691D01C0F864800F3A3A1 /* Base */,
			);
			name = Main.storyboard;
			sourceTree = "<group>";
		};
		738691D41C0F864800F3A3A1 /* LaunchScreen.storyboard */ = {
			isa = PBXVariantGroup;
			children = (
				738691D51C0F864800F3A3A1 /* Base */,
			);
			name = LaunchScreen.storyboard;
			sourceTree = "<group>";
		};
/* End PBXVariantGroup section */

/* Begin XCBuildConfiguration section */
		738691D81C0F864800F3A3A1 /* Debug */ = {
			isa = XCBuildConfiguration;
			buildSettings = {
				ALWAYS_SEARCH_USER_PATHS = NO;
				CLANG_CXX_LANGUAGE_STANDARD = "gnu++0x";
				CLANG_CXX_LIBRARY = "libc++";
				CLANG_ENABLE_MODULES = YES;
				CLANG_ENABLE_OBJC_ARC = YES;
				CLANG_WARN_BOOL_CONVERSION = YES;
				CLANG_WARN_CONSTANT_CONVERSION = YES;
				CLANG_WARN_DIRECT_OBJC_ISA_USAGE = YES_ERROR;
				CLANG_WARN_EMPTY_BODY = YES;
				CLANG_WARN_ENUM_CONVERSION = YES;
				CLANG_WARN_INT_CONVERSION = YES;
				CLANG_WARN_OBJC_ROOT_CLASS = YES_ERROR;
				CLANG_WARN_UNREACHABLE_CODE = YES;
				CLANG_WARN__DUPLICATE_METHOD_MATCH = YES;
				"CODE_SIGN_IDENTITY[sdk=iphoneos*]" = "iPhone Developer";
				COPY_PHASE_STRIP = NO;
				DEBUG_INFORMATION_FORMAT = dwarf;
				ENABLE_STRICT_OBJC_MSGSEND = YES;
				ENABLE_TESTABILITY = YES;
				GCC_C_LANGUAGE_STANDARD = gnu99;
				GCC_DYNAMIC_NO_PIC = NO;
				GCC_NO_COMMON_BLOCKS = YES;
				GCC_OPTIMIZATION_LEVEL = 0;
				GCC_PREPROCESSOR_DEFINITIONS = (
					"DEBUG=1",
					"$(inherited)",
				);
				GCC_WARN_64_TO_32_BIT_CONVERSION = YES;
				GCC_WARN_ABOUT_RETURN_TYPE = YES_ERROR;
				GCC_WARN_UNDECLARED_SELECTOR = YES;
				GCC_WARN_UNINITIALIZED_AUTOS = YES_AGGRESSIVE;
				GCC_WARN_UNUSED_FUNCTION = YES;
				GCC_WARN_UNUSED_VARIABLE = YES;
				IPHONEOS_DEPLOYMENT_TARGET = 9.1;
				MTL_ENABLE_DEBUG_INFO = YES;
				ONLY_ACTIVE_ARCH = YES;
				SDKROOT = iphoneos;
				SWIFT_OPTIMIZATION_LEVEL = "-Onone";
				TARGETED_DEVICE_FAMILY = "1,2";
			};
			name = Debug;
		};
		738691D91C0F864800F3A3A1 /* Release */ = {
			isa = XCBuildConfiguration;
			buildSettings = {
				ALWAYS_SEARCH_USER_PATHS = NO;
				CLANG_CXX_LANGUAGE_STANDARD = "gnu++0x";
				CLANG_CXX_LIBRARY = "libc++";
				CLANG_ENABLE_MODULES = YES;
				CLANG_ENABLE_OBJC_ARC = YES;
				CLANG_WARN_BOOL_CONVERSION = YES;
				CLANG_WARN_CONSTANT_CONVERSION = YES;
				CLANG_WARN_DIRECT_OBJC_ISA_USAGE = YES_ERROR;
				CLANG_WARN_EMPTY_BODY = YES;
				CLANG_WARN_ENUM_CONVERSION = YES;
				CLANG_WARN_INT_CONVERSION = YES;
				CLANG_WARN_OBJC_ROOT_CLASS = YES_ERROR;
				CLANG_WARN_UNREACHABLE_CODE = YES;
				CLANG_WARN__DUPLICATE_METHOD_MATCH = YES;
				"CODE_SIGN_IDENTITY[sdk=iphoneos*]" = "iPhone Developer";
				COPY_PHASE_STRIP = NO;
				DEBUG_INFORMATION_FORMAT = "dwarf-with-dsym";
				ENABLE_NS_ASSERTIONS = NO;
				ENABLE_STRICT_OBJC_MSGSEND = YES;
				GCC_C_LANGUAGE_STANDARD = gnu99;
				GCC_NO_COMMON_BLOCKS = YES;
				GCC_WARN_64_TO_32_BIT_CONVERSION = YES;
				GCC_WARN_ABOUT_RETURN_TYPE = YES_ERROR;
				GCC_WARN_UNDECLARED_SELECTOR = YES;
				GCC_WARN_UNINITIALIZED_AUTOS = YES_AGGRESSIVE;
				GCC_WARN_UNUSED_FUNCTION = YES;
				GCC_WARN_UNUSED_VARIABLE = YES;
				IPHONEOS_DEPLOYMENT_TARGET = 9.1;
				MTL_ENABLE_DEBUG_INFO = NO;
				SDKROOT = iphoneos;
				TARGETED_DEVICE_FAMILY = "1,2";
				VALIDATE_PRODUCT = YES;
			};
			name = Release;
		};
		738691DB1C0F864800F3A3A1 /* Debug */ = {
			isa = XCBuildConfiguration;
			buildSettings = {
				ASSETCATALOG_COMPILER_APPICON_NAME = AppIcon;
				INFOPLIST_FILE = Trakie/Info.plist;
				LD_RUNPATH_SEARCH_PATHS = "$(inherited) @executable_path/Frameworks";
				PRODUCT_BUNDLE_IDENTIFIER = com.khoa.nguyen.Trakie;
				PRODUCT_NAME = "$(TARGET_NAME)";
			};
			name = Debug;
		};
		738691DC1C0F864800F3A3A1 /* Release */ = {
			isa = XCBuildConfiguration;
			buildSettings = {
				ASSETCATALOG_COMPILER_APPICON_NAME = AppIcon;
				INFOPLIST_FILE = Trakie/Info.plist;
				LD_RUNPATH_SEARCH_PATHS = "$(inherited) @executable_path/Frameworks";
				PRODUCT_BUNDLE_IDENTIFIER = com.khoa.nguyen.Trakie;
				PRODUCT_NAME = "$(TARGET_NAME)";
			};
			name = Release;
		};
/* End XCBuildConfiguration section */

/* Begin XCConfigurationList section */
		738691C31C0F864800F3A3A1 /* Build configuration list for PBXProject "Trakie" */ = {
			isa = XCConfigurationList;
			buildConfigurations = (
				738691D81C0F864800F3A3A1 /* Debug */,
				738691D91C0F864800F3A3A1 /* Release */,
			);
			defaultConfigurationIsVisible = 0;
			defaultConfigurationName = Release;
		};
		738691DA1C0F864800F3A3A1 /* Build configuration list for PBXNativeTarget "Trakie" */ = {
			isa = XCConfigurationList;
			buildConfigurations = (
				738691DB1C0F864800F3A3A1 /* Debug */,
				738691DC1C0F864800F3A3A1 /* Release */,
			);
			defaultConfigurationIsVisible = 0;
			defaultConfigurationName = Release;
		};
/* End XCConfigurationList section */
	};
	rootObject = 738691C01C0F864800F3A3A1 /* Project object */;
}
